
Microsoft Visual Studio Solution File, Format Version 12.00
# Visual Studio Version 16
VisualStudioVersion = 16.0.30225.117
MinimumVisualStudioVersion = 10.0.40219.1
Project("{2150E333-8FDC-42A3-9474-1A3956D46DE8}") = "1.3.建造者模式", "1.3.建造者模式", "{F8E8A1C3-42F6-4D03-8495-3D03D8554695}"
EndProject
Project("{9A19103F-16F7-4668-BE54-9A1E7A4F7556}") = "BuliderDesignPatterns", "1.3.建造者模式\BuliderDesignPatterns\BuliderDesignPatterns.csproj", "{B37F6543-1112-4A01-8EC9-FC333BB856D4}"
EndProject
Project("{2150E333-8FDC-42A3-9474-1A3956D46DE8}") = "1.2.工厂模式", "1.2.工厂模式", "{E290BB33-5BAF-431E-9157-FA9307EABA73}"
EndProject
Project("{2150E333-8FDC-42A3-9474-1A3956D46DE8}") = "1.1.单例模式", "1.1.单例模式", "{3C489F48-1F03-4DB2-97B3-64167A6BC727}"
EndProject
Project("{2150E333-8FDC-42A3-9474-1A3956D46DE8}") = "1.创建型", "1.创建型", "{A6002346-548C-42C1-8479-6731FA0420EB}"
EndProject
Project("{2150E333-8FDC-42A3-9474-1A3956D46DE8}") = "2.结构型", "2.结构型", "{99F505ED-C053-479F-8DF1-056D8744F61C}"
EndProject
Project("{2150E333-8FDC-42A3-9474-1A3956D46DE8}") = "3.行为型", "3.行为型", "{D37C368F-67E1-468A-814F-AE6CFC364F29}"
EndProject
Project("{2150E333-8FDC-42A3-9474-1A3956D46DE8}") = "1.4.原型模式", "1.4.原型模式", "{C133D3D4-8BA7-4330-85D6-68196BB70B99}"
EndProject
Project("{9A19103F-16F7-4668-BE54-9A1E7A4F7556}") = "PrototypeDesignPattern", "1.4.原型模式\PrototypeDesignPattern\PrototypeDesignPattern.csproj", "{252B2E53-4FAE-42DB-A375-BE8E86D4AA26}"
EndProject
Project("{2150E333-8FDC-42A3-9474-1A3956D46DE8}") = "2.1.适配器模式", "2.1.适配器模式", "{84B55B2F-E54F-4FD5-BDD1-0C76FDF7625F}"
EndProject
Project("{9A19103F-16F7-4668-BE54-9A1E7A4F7556}") = "AdapterDesignPattern", "2.1.适配器模式\AdapterDesignPattern\AdapterDesignPattern.csproj", "{C8377D7E-8B61-4297-BC59-D3E9987671A0}"
EndProject
Project("{FAE04EC0-301F-11D3-BF4B-00C04F79EFBC}") = "SingletonDesignPattern", "1.1.单例模式\SingletonDesignPattern\SingletonDesignPattern.csproj", "{19E92466-006E-4C52-9384-3ADAC8B417F6}"
EndProject
Global
	GlobalSection(SolutionConfigurationPlatforms) = preSolution
		Debug|Any CPU = Debug|Any CPU
		Release|Any CPU = Release|Any CPU
	EndGlobalSection
	GlobalSection(ProjectConfigurationPlatforms) = postSolution
		{B37F6543-1112-4A01-8EC9-FC333BB856D4}.Debug|Any CPU.ActiveCfg = Debug|Any CPU
		{B37F6543-1112-4A01-8EC9-FC333BB856D4}.Debug|Any CPU.Build.0 = Debug|Any CPU
		{B37F6543-1112-4A01-8EC9-FC333BB856D4}.Release|Any CPU.ActiveCfg = Release|Any CPU
		{B37F6543-1112-4A01-8EC9-FC333BB856D4}.Release|Any CPU.Build.0 = Release|Any CPU
		{252B2E53-4FAE-42DB-A375-BE8E86D4AA26}.Debug|Any CPU.ActiveCfg = Debug|Any CPU
		{252B2E53-4FAE-42DB-A375-BE8E86D4AA26}.Debug|Any CPU.Build.0 = Debug|Any CPU
		{252B2E53-4FAE-42DB-A375-BE8E86D4AA26}.Release|Any CPU.ActiveCfg = Release|Any CPU
		{252B2E53-4FAE-42DB-A375-BE8E86D4AA26}.Release|Any CPU.Build.0 = Release|Any CPU
		{C8377D7E-8B61-4297-BC59-D3E9987671A0}.Debug|Any CPU.ActiveCfg = Debug|Any CPU
		{C8377D7E-8B61-4297-BC59-D3E9987671A0}.Debug|Any CPU.Build.0 = Debug|Any CPU
		{C8377D7E-8B61-4297-BC59-D3E9987671A0}.Release|Any CPU.ActiveCfg = Release|Any CPU
		{C8377D7E-8B61-4297-BC59-D3E9987671A0}.Release|Any CPU.Build.0 = Release|Any CPU
		{19E92466-006E-4C52-9384-3ADAC8B417F6}.Debug|Any CPU.ActiveCfg = Debug|Any CPU
		{19E92466-006E-4C52-9384-3ADAC8B417F6}.Debug|Any CPU.Build.0 = Debug|Any CPU
		{19E92466-006E-4C52-9384-3ADAC8B417F6}.Release|Any CPU.ActiveCfg = Release|Any CPU
		{19E92466-006E-4C52-9384-3ADAC8B417F6}.Release|Any CPU.Build.0 = Release|Any CPU
	EndGlobalSection
	GlobalSection(SolutionProperties) = preSolution
		HideSolutionNode = FALSE
	EndGlobalSection
	GlobalSection(NestedProjects) = preSolution
		{F8E8A1C3-42F6-4D03-8495-3D03D8554695} = {A6002346-548C-42C1-8479-6731FA0420EB}
		{B37F6543-1112-4A01-8EC9-FC333BB856D4} = {F8E8A1C3-42F6-4D03-8495-3D03D8554695}
		{E290BB33-5BAF-431E-9157-FA9307EABA73} = {A6002346-548C-42C1-8479-6731FA0420EB}
		{3C489F48-1F03-4DB2-97B3-64167A6BC727} = {A6002346-548C-42C1-8479-6731FA0420EB}
		{C133D3D4-8BA7-4330-85D6-68196BB70B99} = {A6002346-548C-42C1-8479-6731FA0420EB}
		{252B2E53-4FAE-42DB-A375-BE8E86D4AA26} = {C133D3D4-8BA7-4330-85D6-68196BB70B99}
		{84B55B2F-E54F-4FD5-BDD1-0C76FDF7625F} = {99F505ED-C053-479F-8DF1-056D8744F61C}
		{C8377D7E-8B61-4297-BC59-D3E9987671A0} = {84B55B2F-E54F-4FD5-BDD1-0C76FDF7625F}
		{19E92466-006E-4C52-9384-3ADAC8B417F6} = {3C489F48-1F03-4DB2-97B3-64167A6BC727}
	EndGlobalSection
	GlobalSection(ExtensibilityGlobals) = postSolution
		SolutionGuid = {21B9F66C-B0D2-4CE0-9F9E-7A0057104788}
	EndGlobalSection
EndGlobal
